
Microsoft Visual Studio Solution File, Format Version 12.00
# Visual Studio 15
VisualStudioVersion = 15.0.28307.757
MinimumVisualStudioVersion = 10.0.40219.1
Project("{FAE04EC0-301F-11D3-BF4B-00C04F79EFBC}") = "NetGameTestServer", "NetGameTestServer\NetGameTestServer.csproj", "{10F4420F-E517-440A-AFFD-E788FDF017CA}"
EndProject
Project("{FAE04EC0-301F-11D3-BF4B-00C04F79EFBC}") = "TestSerialization", "TestSerialization\TestSerialization.csproj", "{ECF964D1-9555-4707-8DFF-BD7AF43CE55B}"
EndProject
Project("{FAE04EC0-301F-11D3-BF4B-00C04F79EFBC}") = "TestTimer", "TestTimer\TestTimer.csproj", "{AECDA0F7-F312-45D7-B9D6-D49760123EC9}"
EndProject
Project("{FAE04EC0-301F-11D3-BF4B-00C04F79EFBC}") = "TestThread", "TestThread\TestThread.csproj", "{A61F1BBD-E3EE-49F9-854D-E18FAC0045B9}"
EndProject
Project("{FAE04EC0-301F-11D3-BF4B-00C04F79EFBC}") = "NetGameServer", "NetGameServer\NetGameServer.csproj", "{1C03013B-5FA7-4F59-9832-B2AF7C4A499A}"
EndProject
Global
	GlobalSection(SolutionConfigurationPlatforms) = preSolution
		Debug|Any CPU = Debug|Any CPU
		Release|Any CPU = Release|Any CPU
	EndGlobalSection
	GlobalSection(ProjectConfigurationPlatforms) = postSolution
		{10F4420F-E517-440A-AFFD-E788FDF017CA}.Debug|Any CPU.ActiveCfg = Debug|Any CPU
		{10F4420F-E517-440A-AFFD-E788FDF017CA}.Debug|Any CPU.Build.0 = Debug|Any CPU
		{10F4420F-E517-440A-AFFD-E788FDF017CA}.Release|Any CPU.ActiveCfg = Release|Any CPU
		{10F4420F-E517-440A-AFFD-E788FDF017CA}.Release|Any CPU.Build.0 = Release|Any CPU
		{ECF964D1-9555-4707-8DFF-BD7AF43CE55B}.Debug|Any CPU.ActiveCfg = Debug|Any CPU
		{ECF964D1-9555-4707-8DFF-BD7AF43CE55B}.Debug|Any CPU.Build.0 = Debug|Any CPU
		{ECF964D1-9555-4707-8DFF-BD7AF43CE55B}.Release|Any CPU.ActiveCfg = Release|Any CPU
		{ECF964D1-9555-4707-8DFF-BD7AF43CE55B}.Release|Any CPU.Build.0 = Release|Any CPU
		{AECDA0F7-F312-45D7-B9D6-D49760123EC9}.Debug|Any CPU.ActiveCfg = Debug|Any CPU
		{AECDA0F7-F312-45D7-B9D6-D49760123EC9}.Debug|Any CPU.Build.0 = Debug|Any CPU
		{AECDA0F7-F312-45D7-B9D6-D49760123EC9}.Release|Any CPU.ActiveCfg = Release|Any CPU
		{AECDA0F7-F312-45D7-B9D6-D49760123EC9}.Release|Any CPU.Build.0 = Release|Any CPU
		{A61F1BBD-E3EE-49F9-854D-E18FAC0045B9}.Debug|Any CPU.ActiveCfg = Debug|Any CPU
		{A61F1BBD-E3EE-49F9-854D-E18FAC0045B9}.Debug|Any CPU.Build.0 = Debug|Any CPU
		{A61F1BBD-E3EE-49F9-854D-E18FAC0045B9}.Release|Any CPU.ActiveCfg = Release|Any CPU
		{A61F1BBD-E3EE-49F9-854D-E18FAC0045B9}.Release|Any CPU.Build.0 = Release|Any CPU
		{1C03013B-5FA7-4F59-9832-B2AF7C4A499A}.Debug|Any CPU.ActiveCfg = Debug|Any CPU
		{1C03013B-5FA7-4F59-9832-B2AF7C4A499A}.Debug|Any CPU.Build.0 = Debug|Any CPU
		{1C03013B-5FA7-4F59-9832-B2AF7C4A499A}.Release|Any CPU.ActiveCfg = Release|Any CPU
		{1C03013B-5FA7-4F59-9832-B2AF7C4A499A}.Release|Any CPU.Build.0 = Release|Any CPU
	EndGlobalSection
	GlobalSection(SolutionProperties) = preSolution
		HideSolutionNode = FALSE
	EndGlobalSection
	GlobalSection(ExtensibilityGlobals) = postSolution
		SolutionGuid = {7D8B0154-8C07-455A-A8E5-0D7B00F03AB5}
	EndGlobalSection
EndGlobal
